
Microsoft Visual Studio Solution File, Format Version 12.00
# Visual Studio 15
VisualStudioVersion = 15.0.26430.12
MinimumVisualStudioVersion = 10.0.40219.1
Project("{2150E333-8FDC-42A3-9474-1A3956D46DE8}") = "CH01", "CH01", "{1DD57107-82DC-4CBD-A29B-9D25E7504790}"
EndProject
Project("{2150E333-8FDC-42A3-9474-1A3956D46DE8}") = "CH02", "CH02", "{945D36A8-F18E-45C4-A779-2E156831DACF}"
EndProject
Project("{FAE04EC0-301F-11D3-BF4B-00C04F79EFBC}") = "MVC_Empty", "CH02\MVC_Empty\MVC_Empty.csproj", "{891523A6-2889-4924-8AC8-6C05A1196D11}"
EndProject
Project("{FAE04EC0-301F-11D3-BF4B-00C04F79EFBC}") = "MVC_DataAnnotations", "CH02\MVC_DataAnnotations\MVC_DataAnnotations.csproj", "{97B79F10-2D43-4F73-A4BE-4F1584DD5A5A}"
EndProject
Project("{FAE04EC0-301F-11D3-BF4B-00C04F79EFBC}") = "CH1-3_MVC", "CH01\CH1-3_MVC.csproj", "{46F9B570-668A-4D24-850A-227064FB89A3}"
EndProject
Project("{FAE04EC0-301F-11D3-BF4B-00C04F79EFBC}") = "MVC_DataBaseContext", "CH02\MVC_DataBaseContext\MVC_DataBaseContext.csproj", "{4EF69A33-1B05-45B3-9FFA-9D424A2293A1}"
EndProject
Project("{2150E333-8FDC-42A3-9474-1A3956D46DE8}") = "CH03", "CH03", "{DD6A2D2E-9D3B-4D5E-B234-8668AB144D46}"
EndProject
Project("{FAE04EC0-301F-11D3-BF4B-00C04F79EFBC}") = "CH03-1", "CH03\CH03-1\CH03-1.csproj", "{8BAE3E01-4716-45F9-8ACB-EF9C06B3E3C7}"
EndProject
Project("{FAE04EC0-301F-11D3-BF4B-00C04F79EFBC}") = "ViewBag_ViewData", "CH03\ViewBag_ViewData\ViewBag_ViewData.csproj", "{8A7D4246-D4D6-4969-BAD4-A6CF5AF714CB}"
EndProject
Global
	GlobalSection(SolutionConfigurationPlatforms) = preSolution
		Debug|Any CPU = Debug|Any CPU
		Release|Any CPU = Release|Any CPU
	EndGlobalSection
	GlobalSection(ProjectConfigurationPlatforms) = postSolution
		{891523A6-2889-4924-8AC8-6C05A1196D11}.Debug|Any CPU.ActiveCfg = Debug|Any CPU
		{891523A6-2889-4924-8AC8-6C05A1196D11}.Debug|Any CPU.Build.0 = Debug|Any CPU
		{891523A6-2889-4924-8AC8-6C05A1196D11}.Release|Any CPU.ActiveCfg = Release|Any CPU
		{891523A6-2889-4924-8AC8-6C05A1196D11}.Release|Any CPU.Build.0 = Release|Any CPU
		{97B79F10-2D43-4F73-A4BE-4F1584DD5A5A}.Debug|Any CPU.ActiveCfg = Debug|Any CPU
		{97B79F10-2D43-4F73-A4BE-4F1584DD5A5A}.Debug|Any CPU.Build.0 = Debug|Any CPU
		{97B79F10-2D43-4F73-A4BE-4F1584DD5A5A}.Release|Any CPU.ActiveCfg = Release|Any CPU
		{97B79F10-2D43-4F73-A4BE-4F1584DD5A5A}.Release|Any CPU.Build.0 = Release|Any CPU
		{46F9B570-668A-4D24-850A-227064FB89A3}.Debug|Any CPU.ActiveCfg = Debug|Any CPU
		{46F9B570-668A-4D24-850A-227064FB89A3}.Debug|Any CPU.Build.0 = Debug|Any CPU
		{46F9B570-668A-4D24-850A-227064FB89A3}.Release|Any CPU.ActiveCfg = Release|Any CPU
		{46F9B570-668A-4D24-850A-227064FB89A3}.Release|Any CPU.Build.0 = Release|Any CPU
		{4EF69A33-1B05-45B3-9FFA-9D424A2293A1}.Debug|Any CPU.ActiveCfg = Debug|Any CPU
		{4EF69A33-1B05-45B3-9FFA-9D424A2293A1}.Debug|Any CPU.Build.0 = Debug|Any CPU
		{4EF69A33-1B05-45B3-9FFA-9D424A2293A1}.Release|Any CPU.ActiveCfg = Release|Any CPU
		{4EF69A33-1B05-45B3-9FFA-9D424A2293A1}.Release|Any CPU.Build.0 = Release|Any CPU
		{8BAE3E01-4716-45F9-8ACB-EF9C06B3E3C7}.Debug|Any CPU.ActiveCfg = Debug|Any CPU
		{8BAE3E01-4716-45F9-8ACB-EF9C06B3E3C7}.Debug|Any CPU.Build.0 = Debug|Any CPU
		{8BAE3E01-4716-45F9-8ACB-EF9C06B3E3C7}.Release|Any CPU.ActiveCfg = Release|Any CPU
		{8BAE3E01-4716-45F9-8ACB-EF9C06B3E3C7}.Release|Any CPU.Build.0 = Release|Any CPU
		{8A7D4246-D4D6-4969-BAD4-A6CF5AF714CB}.Debug|Any CPU.ActiveCfg = Debug|Any CPU
		{8A7D4246-D4D6-4969-BAD4-A6CF5AF714CB}.Debug|Any CPU.Build.0 = Debug|Any CPU
		{8A7D4246-D4D6-4969-BAD4-A6CF5AF714CB}.Release|Any CPU.ActiveCfg = Release|Any CPU
		{8A7D4246-D4D6-4969-BAD4-A6CF5AF714CB}.Release|Any CPU.Build.0 = Release|Any CPU
	EndGlobalSection
	GlobalSection(SolutionProperties) = preSolution
		HideSolutionNode = FALSE
	EndGlobalSection
	GlobalSection(NestedProjects) = preSolution
		{891523A6-2889-4924-8AC8-6C05A1196D11} = {945D36A8-F18E-45C4-A779-2E156831DACF}
		{97B79F10-2D43-4F73-A4BE-4F1584DD5A5A} = {945D36A8-F18E-45C4-A779-2E156831DACF}
		{46F9B570-668A-4D24-850A-227064FB89A3} = {1DD57107-82DC-4CBD-A29B-9D25E7504790}
		{4EF69A33-1B05-45B3-9FFA-9D424A2293A1} = {945D36A8-F18E-45C4-A779-2E156831DACF}
		{8BAE3E01-4716-45F9-8ACB-EF9C06B3E3C7} = {DD6A2D2E-9D3B-4D5E-B234-8668AB144D46}
		{8A7D4246-D4D6-4969-BAD4-A6CF5AF714CB} = {DD6A2D2E-9D3B-4D5E-B234-8668AB144D46}
	EndGlobalSection
EndGlobal
