
Microsoft Visual Studio Solution File, Format Version 12.00
# Visual Studio 15
VisualStudioVersion = 15.0.26430.12
MinimumVisualStudioVersion = 10.0.40219.1
Project("{2150E333-8FDC-42A3-9474-1A3956D46DE8}") = "CH01", "CH01", "{1DD57107-82DC-4CBD-A29B-9D25E7504790}"
EndProject
Project("{2150E333-8FDC-42A3-9474-1A3956D46DE8}") = "CH02", "CH02", "{945D36A8-F18E-45C4-A779-2E156831DACF}"
EndProject
Project("{FAE04EC0-301F-11D3-BF4B-00C04F79EFBC}") = "MVC_Empty", "CH02\MVC_Empty\MVC_Empty.csproj", "{891523A6-2889-4924-8AC8-6C05A1196D11}"
EndProject
Project("{FAE04EC0-301F-11D3-BF4B-00C04F79EFBC}") = "MVC_DataAnnotations", "CH02\MVC_DataAnnotations\MVC_DataAnnotations.csproj", "{97B79F10-2D43-4F73-A4BE-4F1584DD5A5A}"
EndProject
Project("{FAE04EC0-301F-11D3-BF4B-00C04F79EFBC}") = "CH1-3_MVC", "CH01\CH1-3_MVC.csproj", "{46F9B570-668A-4D24-850A-227064FB89A3}"
EndProject
Project("{FAE04EC0-301F-11D3-BF4B-00C04F79EFBC}") = "MVC_DataBaseContext", "CH02\MVC_DataBaseContext\MVC_DataBaseContext.csproj", "{4EF69A33-1B05-45B3-9FFA-9D424A2293A1}"
EndProject
Project("{2150E333-8FDC-42A3-9474-1A3956D46DE8}") = "CH03", "CH03", "{DD6A2D2E-9D3B-4D5E-B234-8668AB144D46}"
EndProject
Project("{FAE04EC0-301F-11D3-BF4B-00C04F79EFBC}") = "CH03-1", "CH03\CH03-1\CH03-1.csproj", "{8BAE3E01-4716-45F9-8ACB-EF9C06B3E3C7}"
EndProject
Project("{FAE04EC0-301F-11D3-BF4B-00C04F79EFBC}") = "ViewBag_ViewData", "CH03\ViewBag_ViewData\ViewBag_ViewData.csproj", "{8A7D4246-D4D6-4969-BAD4-A6CF5AF714CB}"
EndProject
Project("{FAE04EC0-301F-11D3-BF4B-00C04F79EFBC}") = "MVC_Select_Create_Update_Delete", "CH03\MVC_Select_Create_Update_Delete\MVC_Select_Create_Update_Delete.csproj", "{E9A2D9AE-EF53-4754-9B7B-4B235B58AD23}"
EndProject
Project("{2150E333-8FDC-42A3-9474-1A3956D46DE8}") = "CH04", "CH04", "{08D31753-5CA2-4AA5-BA23-B822B0712CF5}"
EndProject
Project("{FAE04EC0-301F-11D3-BF4B-00C04F79EFBC}") = "04-1_Razor", "CH04\04-1_Razor\04-1_Razor.csproj", "{3B81D1D7-EC84-4A40-B0A0-9735ECDDBE38}"
EndProject
Project("{FAE04EC0-301F-11D3-BF4B-00C04F79EFBC}") = "HTML_Hlper", "CH04\HTML_Hlper\HTML_Hlper.csproj", "{976460E8-2D2A-422A-8813-6AEDAC4E5011}"
EndProject
Project("{FAE04EC0-301F-11D3-BF4B-00C04F79EFBC}") = "TwoNumberPlus", "CH04\TwoNumberPlus\TwoNumberPlus.csproj", "{5DC54896-37F5-4874-9EF6-899782BA549D}"
EndProject
Project("{FAE04EC0-301F-11D3-BF4B-00C04F79EFBC}") = "PartialView", "CH04\PartialView\PartialView.csproj", "{CAC7CF8F-E742-4BBC-B243-26709560A66F}"
EndProject
Project("{2150E333-8FDC-42A3-9474-1A3956D46DE8}") = "DBFirstExercise", "DBFirstExercise", "{676C5632-B82A-4CF9-B307-22B9ACFE0AB0}"
EndProject
Project("{FAE04EC0-301F-11D3-BF4B-00C04F79EFBC}") = "NorthWind_DBFirst", "DBFirstExercise\NorthWind_DBFirst\NorthWind_DBFirst.csproj", "{1AFE68B0-3D50-496A-87C6-93B1FEA4B306}"
EndProject
Project("{2150E333-8FDC-42A3-9474-1A3956D46DE8}") = "CH05", "CH05", "{2BA55B45-3067-45C7-83FB-6E7EA4BCA8FA}"
EndProject
Project("{FAE04EC0-301F-11D3-BF4B-00C04F79EFBC}") = "CH05-1", "CH05\CH05-1\CH05-1.csproj", "{9F288D68-9585-4DBB-8D50-16258E218DC3}"
EndProject
Project("{2150E333-8FDC-42A3-9474-1A3956D46DE8}") = "CH06", "CH06", "{CA396656-CED1-4622-9331-971E73EF90E2}"
EndProject
Project("{FAE04EC0-301F-11D3-BF4B-00C04F79EFBC}") = "SiteMap", "CH06\SiteMap\SiteMap.csproj", "{8E3C0E1D-1BBC-489E-B652-1B618AB2A97A}"
EndProject
Project("{2150E333-8FDC-42A3-9474-1A3956D46DE8}") = "CH07", "CH07", "{014DB313-7335-4BDF-B7E4-8B651243FD0A}"
EndProject
Project("{FAE04EC0-301F-11D3-BF4B-00C04F79EFBC}") = "CH7-1", "CH07\CH7-1.csproj", "{AABAF9CB-4165-4C4C-9AEE-D0876BDAB819}"
EndProject
Project("{FAE04EC0-301F-11D3-BF4B-00C04F79EFBC}") = "CH7-2", "CH07\CH7-2\CH7-2.csproj", "{AD71C65F-49B6-4DED-A18A-5E6FD33B4A0B}"
EndProject
Project("{FAE04EC0-301F-11D3-BF4B-00C04F79EFBC}") = "Bootstrap", "CH07\Bootstrap\Bootstrap.csproj", "{46172666-DBF7-4E21-98E6-0F53B904E170}"
EndProject
Project("{2150E333-8FDC-42A3-9474-1A3956D46DE8}") = "CH08", "CH08", "{0ADA654D-A2C5-4728-B8B6-6E4FBDECBE30}"
EndProject
Project("{FAE04EC0-301F-11D3-BF4B-00C04F79EFBC}") = "AJAX", "CH08\AJAX\AJAX.csproj", "{E92752C0-BAD0-49A0-A43E-CFF2E2ED1C52}"
EndProject
Project("{2150E333-8FDC-42A3-9474-1A3956D46DE8}") = "CH09", "CH09", "{09E03895-9142-4898-B2D7-F0EE39584F10}"
EndProject
Project("{FAE04EC0-301F-11D3-BF4B-00C04F79EFBC}") = "09_01_Javascript", "CH09\09_01_JS\09_01_Javascript.csproj", "{8572422A-8ABF-40C5-B7E8-2E1049C5CA79}"
EndProject
Project("{FAE04EC0-301F-11D3-BF4B-00C04F79EFBC}") = "09_02_JQuery", "CH09\09_02_JQuery\09_02_JQuery.csproj", "{5E2AB602-EA3E-4375-A6D1-AB9DCEA51A6E}"
EndProject
Project("{FAE04EC0-301F-11D3-BF4B-00C04F79EFBC}") = "09_03_JQery_AJAX", "CH09\09_03_JQery_AJAX\09_03_JQery_AJAX.csproj", "{017A5B59-A21A-4258-9FC1-3BB0A7ED848F}"
EndProject
Project("{FAE04EC0-301F-11D3-BF4B-00C04F79EFBC}") = "09_04_JSON", "CH09\09_04_JSON\09_04_JSON.csproj", "{587095CC-E18B-4B75-836A-5900F37EB8EF}"
EndProject
Project("{FAE04EC0-301F-11D3-BF4B-00C04F79EFBC}") = "09_05_WebService", "CH09\09_05_WebService\09_05_WebService.csproj", "{0600E5D8-998B-4A62-BA51-544DBF3DC0FB}"
EndProject
Project("{FAE04EC0-301F-11D3-BF4B-00C04F79EFBC}") = "09_06_JQueryUI", "CH09\09_06_JQueryUI\09_06_JQueryUI.csproj", "{C9DBCEB0-21EB-48AC-A6E2-A9104B9B7A85}"
EndProject
Project("{FAE04EC0-301F-11D3-BF4B-00C04F79EFBC}") = "09_07Bundling_Minification", "CH09\09_07Bundling_Minification\09_07Bundling_Minification.csproj", "{658C7AB4-A106-487E-81B9-FDE661074FA1}"
EndProject
Project("{2150E333-8FDC-42A3-9474-1A3956D46DE8}") = "CH10", "CH10", "{D3F292A3-D993-4A2B-92FA-A402CD48881C}"
EndProject
Project("{FAE04EC0-301F-11D3-BF4B-00C04F79EFBC}") = "ASPNET_Identity", "CH10\ASPNET_Identity\ASPNET_Identity.csproj", "{5F2B1C0B-25F9-4EF5-AC2F-174E5BA7E014}"
EndProject
Global
	GlobalSection(SolutionConfigurationPlatforms) = preSolution
		Debug|Any CPU = Debug|Any CPU
		Release|Any CPU = Release|Any CPU
	EndGlobalSection
	GlobalSection(ProjectConfigurationPlatforms) = postSolution
		{891523A6-2889-4924-8AC8-6C05A1196D11}.Debug|Any CPU.ActiveCfg = Debug|Any CPU
		{891523A6-2889-4924-8AC8-6C05A1196D11}.Debug|Any CPU.Build.0 = Debug|Any CPU
		{891523A6-2889-4924-8AC8-6C05A1196D11}.Release|Any CPU.ActiveCfg = Release|Any CPU
		{891523A6-2889-4924-8AC8-6C05A1196D11}.Release|Any CPU.Build.0 = Release|Any CPU
		{97B79F10-2D43-4F73-A4BE-4F1584DD5A5A}.Debug|Any CPU.ActiveCfg = Debug|Any CPU
		{97B79F10-2D43-4F73-A4BE-4F1584DD5A5A}.Debug|Any CPU.Build.0 = Debug|Any CPU
		{97B79F10-2D43-4F73-A4BE-4F1584DD5A5A}.Release|Any CPU.ActiveCfg = Release|Any CPU
		{97B79F10-2D43-4F73-A4BE-4F1584DD5A5A}.Release|Any CPU.Build.0 = Release|Any CPU
		{46F9B570-668A-4D24-850A-227064FB89A3}.Debug|Any CPU.ActiveCfg = Debug|Any CPU
		{46F9B570-668A-4D24-850A-227064FB89A3}.Debug|Any CPU.Build.0 = Debug|Any CPU
		{46F9B570-668A-4D24-850A-227064FB89A3}.Release|Any CPU.ActiveCfg = Release|Any CPU
		{46F9B570-668A-4D24-850A-227064FB89A3}.Release|Any CPU.Build.0 = Release|Any CPU
		{4EF69A33-1B05-45B3-9FFA-9D424A2293A1}.Debug|Any CPU.ActiveCfg = Debug|Any CPU
		{4EF69A33-1B05-45B3-9FFA-9D424A2293A1}.Debug|Any CPU.Build.0 = Debug|Any CPU
		{4EF69A33-1B05-45B3-9FFA-9D424A2293A1}.Release|Any CPU.ActiveCfg = Release|Any CPU
		{4EF69A33-1B05-45B3-9FFA-9D424A2293A1}.Release|Any CPU.Build.0 = Release|Any CPU
		{8BAE3E01-4716-45F9-8ACB-EF9C06B3E3C7}.Debug|Any CPU.ActiveCfg = Debug|Any CPU
		{8BAE3E01-4716-45F9-8ACB-EF9C06B3E3C7}.Debug|Any CPU.Build.0 = Debug|Any CPU
		{8BAE3E01-4716-45F9-8ACB-EF9C06B3E3C7}.Release|Any CPU.ActiveCfg = Release|Any CPU
		{8BAE3E01-4716-45F9-8ACB-EF9C06B3E3C7}.Release|Any CPU.Build.0 = Release|Any CPU
		{8A7D4246-D4D6-4969-BAD4-A6CF5AF714CB}.Debug|Any CPU.ActiveCfg = Debug|Any CPU
		{8A7D4246-D4D6-4969-BAD4-A6CF5AF714CB}.Debug|Any CPU.Build.0 = Debug|Any CPU
		{8A7D4246-D4D6-4969-BAD4-A6CF5AF714CB}.Release|Any CPU.ActiveCfg = Release|Any CPU
		{8A7D4246-D4D6-4969-BAD4-A6CF5AF714CB}.Release|Any CPU.Build.0 = Release|Any CPU
		{E9A2D9AE-EF53-4754-9B7B-4B235B58AD23}.Debug|Any CPU.ActiveCfg = Debug|Any CPU
		{E9A2D9AE-EF53-4754-9B7B-4B235B58AD23}.Debug|Any CPU.Build.0 = Debug|Any CPU
		{E9A2D9AE-EF53-4754-9B7B-4B235B58AD23}.Release|Any CPU.ActiveCfg = Release|Any CPU
		{E9A2D9AE-EF53-4754-9B7B-4B235B58AD23}.Release|Any CPU.Build.0 = Release|Any CPU
		{3B81D1D7-EC84-4A40-B0A0-9735ECDDBE38}.Debug|Any CPU.ActiveCfg = Debug|Any CPU
		{3B81D1D7-EC84-4A40-B0A0-9735ECDDBE38}.Debug|Any CPU.Build.0 = Debug|Any CPU
		{3B81D1D7-EC84-4A40-B0A0-9735ECDDBE38}.Release|Any CPU.ActiveCfg = Release|Any CPU
		{3B81D1D7-EC84-4A40-B0A0-9735ECDDBE38}.Release|Any CPU.Build.0 = Release|Any CPU
		{976460E8-2D2A-422A-8813-6AEDAC4E5011}.Debug|Any CPU.ActiveCfg = Debug|Any CPU
		{976460E8-2D2A-422A-8813-6AEDAC4E5011}.Debug|Any CPU.Build.0 = Debug|Any CPU
		{976460E8-2D2A-422A-8813-6AEDAC4E5011}.Release|Any CPU.ActiveCfg = Release|Any CPU
		{976460E8-2D2A-422A-8813-6AEDAC4E5011}.Release|Any CPU.Build.0 = Release|Any CPU
		{5DC54896-37F5-4874-9EF6-899782BA549D}.Debug|Any CPU.ActiveCfg = Debug|Any CPU
		{5DC54896-37F5-4874-9EF6-899782BA549D}.Debug|Any CPU.Build.0 = Debug|Any CPU
		{5DC54896-37F5-4874-9EF6-899782BA549D}.Release|Any CPU.ActiveCfg = Release|Any CPU
		{5DC54896-37F5-4874-9EF6-899782BA549D}.Release|Any CPU.Build.0 = Release|Any CPU
		{CAC7CF8F-E742-4BBC-B243-26709560A66F}.Debug|Any CPU.ActiveCfg = Debug|Any CPU
		{CAC7CF8F-E742-4BBC-B243-26709560A66F}.Debug|Any CPU.Build.0 = Debug|Any CPU
		{CAC7CF8F-E742-4BBC-B243-26709560A66F}.Release|Any CPU.ActiveCfg = Release|Any CPU
		{CAC7CF8F-E742-4BBC-B243-26709560A66F}.Release|Any CPU.Build.0 = Release|Any CPU
		{1AFE68B0-3D50-496A-87C6-93B1FEA4B306}.Debug|Any CPU.ActiveCfg = Debug|Any CPU
		{1AFE68B0-3D50-496A-87C6-93B1FEA4B306}.Debug|Any CPU.Build.0 = Debug|Any CPU
		{1AFE68B0-3D50-496A-87C6-93B1FEA4B306}.Release|Any CPU.ActiveCfg = Release|Any CPU
		{1AFE68B0-3D50-496A-87C6-93B1FEA4B306}.Release|Any CPU.Build.0 = Release|Any CPU
		{9F288D68-9585-4DBB-8D50-16258E218DC3}.Debug|Any CPU.ActiveCfg = Debug|Any CPU
		{9F288D68-9585-4DBB-8D50-16258E218DC3}.Debug|Any CPU.Build.0 = Debug|Any CPU
		{9F288D68-9585-4DBB-8D50-16258E218DC3}.Release|Any CPU.ActiveCfg = Release|Any CPU
		{9F288D68-9585-4DBB-8D50-16258E218DC3}.Release|Any CPU.Build.0 = Release|Any CPU
		{8E3C0E1D-1BBC-489E-B652-1B618AB2A97A}.Debug|Any CPU.ActiveCfg = Debug|Any CPU
		{8E3C0E1D-1BBC-489E-B652-1B618AB2A97A}.Debug|Any CPU.Build.0 = Debug|Any CPU
		{8E3C0E1D-1BBC-489E-B652-1B618AB2A97A}.Release|Any CPU.ActiveCfg = Release|Any CPU
		{8E3C0E1D-1BBC-489E-B652-1B618AB2A97A}.Release|Any CPU.Build.0 = Release|Any CPU
		{AABAF9CB-4165-4C4C-9AEE-D0876BDAB819}.Debug|Any CPU.ActiveCfg = Debug|Any CPU
		{AABAF9CB-4165-4C4C-9AEE-D0876BDAB819}.Debug|Any CPU.Build.0 = Debug|Any CPU
		{AABAF9CB-4165-4C4C-9AEE-D0876BDAB819}.Release|Any CPU.ActiveCfg = Release|Any CPU
		{AABAF9CB-4165-4C4C-9AEE-D0876BDAB819}.Release|Any CPU.Build.0 = Release|Any CPU
		{AD71C65F-49B6-4DED-A18A-5E6FD33B4A0B}.Debug|Any CPU.ActiveCfg = Debug|Any CPU
		{AD71C65F-49B6-4DED-A18A-5E6FD33B4A0B}.Debug|Any CPU.Build.0 = Debug|Any CPU
		{AD71C65F-49B6-4DED-A18A-5E6FD33B4A0B}.Release|Any CPU.ActiveCfg = Release|Any CPU
		{AD71C65F-49B6-4DED-A18A-5E6FD33B4A0B}.Release|Any CPU.Build.0 = Release|Any CPU
		{46172666-DBF7-4E21-98E6-0F53B904E170}.Debug|Any CPU.ActiveCfg = Debug|Any CPU
		{46172666-DBF7-4E21-98E6-0F53B904E170}.Debug|Any CPU.Build.0 = Debug|Any CPU
		{46172666-DBF7-4E21-98E6-0F53B904E170}.Release|Any CPU.ActiveCfg = Release|Any CPU
		{46172666-DBF7-4E21-98E6-0F53B904E170}.Release|Any CPU.Build.0 = Release|Any CPU
		{E92752C0-BAD0-49A0-A43E-CFF2E2ED1C52}.Debug|Any CPU.ActiveCfg = Debug|Any CPU
		{E92752C0-BAD0-49A0-A43E-CFF2E2ED1C52}.Debug|Any CPU.Build.0 = Debug|Any CPU
		{E92752C0-BAD0-49A0-A43E-CFF2E2ED1C52}.Release|Any CPU.ActiveCfg = Release|Any CPU
		{E92752C0-BAD0-49A0-A43E-CFF2E2ED1C52}.Release|Any CPU.Build.0 = Release|Any CPU
		{8572422A-8ABF-40C5-B7E8-2E1049C5CA79}.Debug|Any CPU.ActiveCfg = Debug|Any CPU
		{8572422A-8ABF-40C5-B7E8-2E1049C5CA79}.Debug|Any CPU.Build.0 = Debug|Any CPU
		{8572422A-8ABF-40C5-B7E8-2E1049C5CA79}.Release|Any CPU.ActiveCfg = Release|Any CPU
		{8572422A-8ABF-40C5-B7E8-2E1049C5CA79}.Release|Any CPU.Build.0 = Release|Any CPU
		{5E2AB602-EA3E-4375-A6D1-AB9DCEA51A6E}.Debug|Any CPU.ActiveCfg = Debug|Any CPU
		{5E2AB602-EA3E-4375-A6D1-AB9DCEA51A6E}.Debug|Any CPU.Build.0 = Debug|Any CPU
		{5E2AB602-EA3E-4375-A6D1-AB9DCEA51A6E}.Release|Any CPU.ActiveCfg = Release|Any CPU
		{5E2AB602-EA3E-4375-A6D1-AB9DCEA51A6E}.Release|Any CPU.Build.0 = Release|Any CPU
		{017A5B59-A21A-4258-9FC1-3BB0A7ED848F}.Debug|Any CPU.ActiveCfg = Debug|Any CPU
		{017A5B59-A21A-4258-9FC1-3BB0A7ED848F}.Debug|Any CPU.Build.0 = Debug|Any CPU
		{017A5B59-A21A-4258-9FC1-3BB0A7ED848F}.Release|Any CPU.ActiveCfg = Release|Any CPU
		{017A5B59-A21A-4258-9FC1-3BB0A7ED848F}.Release|Any CPU.Build.0 = Release|Any CPU
		{587095CC-E18B-4B75-836A-5900F37EB8EF}.Debug|Any CPU.ActiveCfg = Debug|Any CPU
		{587095CC-E18B-4B75-836A-5900F37EB8EF}.Debug|Any CPU.Build.0 = Debug|Any CPU
		{587095CC-E18B-4B75-836A-5900F37EB8EF}.Release|Any CPU.ActiveCfg = Release|Any CPU
		{587095CC-E18B-4B75-836A-5900F37EB8EF}.Release|Any CPU.Build.0 = Release|Any CPU
		{0600E5D8-998B-4A62-BA51-544DBF3DC0FB}.Debug|Any CPU.ActiveCfg = Debug|Any CPU
		{0600E5D8-998B-4A62-BA51-544DBF3DC0FB}.Debug|Any CPU.Build.0 = Debug|Any CPU
		{0600E5D8-998B-4A62-BA51-544DBF3DC0FB}.Release|Any CPU.ActiveCfg = Release|Any CPU
		{0600E5D8-998B-4A62-BA51-544DBF3DC0FB}.Release|Any CPU.Build.0 = Release|Any CPU
		{C9DBCEB0-21EB-48AC-A6E2-A9104B9B7A85}.Debug|Any CPU.ActiveCfg = Debug|Any CPU
		{C9DBCEB0-21EB-48AC-A6E2-A9104B9B7A85}.Debug|Any CPU.Build.0 = Debug|Any CPU
		{C9DBCEB0-21EB-48AC-A6E2-A9104B9B7A85}.Release|Any CPU.ActiveCfg = Release|Any CPU
		{C9DBCEB0-21EB-48AC-A6E2-A9104B9B7A85}.Release|Any CPU.Build.0 = Release|Any CPU
		{658C7AB4-A106-487E-81B9-FDE661074FA1}.Debug|Any CPU.ActiveCfg = Debug|Any CPU
		{658C7AB4-A106-487E-81B9-FDE661074FA1}.Debug|Any CPU.Build.0 = Debug|Any CPU
		{658C7AB4-A106-487E-81B9-FDE661074FA1}.Release|Any CPU.ActiveCfg = Release|Any CPU
		{658C7AB4-A106-487E-81B9-FDE661074FA1}.Release|Any CPU.Build.0 = Release|Any CPU
		{5F2B1C0B-25F9-4EF5-AC2F-174E5BA7E014}.Debug|Any CPU.ActiveCfg = Debug|Any CPU
		{5F2B1C0B-25F9-4EF5-AC2F-174E5BA7E014}.Debug|Any CPU.Build.0 = Debug|Any CPU
		{5F2B1C0B-25F9-4EF5-AC2F-174E5BA7E014}.Release|Any CPU.ActiveCfg = Release|Any CPU
		{5F2B1C0B-25F9-4EF5-AC2F-174E5BA7E014}.Release|Any CPU.Build.0 = Release|Any CPU
	EndGlobalSection
	GlobalSection(SolutionProperties) = preSolution
		HideSolutionNode = FALSE
	EndGlobalSection
	GlobalSection(NestedProjects) = preSolution
		{891523A6-2889-4924-8AC8-6C05A1196D11} = {945D36A8-F18E-45C4-A779-2E156831DACF}
		{97B79F10-2D43-4F73-A4BE-4F1584DD5A5A} = {945D36A8-F18E-45C4-A779-2E156831DACF}
		{46F9B570-668A-4D24-850A-227064FB89A3} = {1DD57107-82DC-4CBD-A29B-9D25E7504790}
		{4EF69A33-1B05-45B3-9FFA-9D424A2293A1} = {945D36A8-F18E-45C4-A779-2E156831DACF}
		{8BAE3E01-4716-45F9-8ACB-EF9C06B3E3C7} = {DD6A2D2E-9D3B-4D5E-B234-8668AB144D46}
		{8A7D4246-D4D6-4969-BAD4-A6CF5AF714CB} = {DD6A2D2E-9D3B-4D5E-B234-8668AB144D46}
		{E9A2D9AE-EF53-4754-9B7B-4B235B58AD23} = {DD6A2D2E-9D3B-4D5E-B234-8668AB144D46}
		{3B81D1D7-EC84-4A40-B0A0-9735ECDDBE38} = {08D31753-5CA2-4AA5-BA23-B822B0712CF5}
		{976460E8-2D2A-422A-8813-6AEDAC4E5011} = {08D31753-5CA2-4AA5-BA23-B822B0712CF5}
		{5DC54896-37F5-4874-9EF6-899782BA549D} = {08D31753-5CA2-4AA5-BA23-B822B0712CF5}
		{CAC7CF8F-E742-4BBC-B243-26709560A66F} = {08D31753-5CA2-4AA5-BA23-B822B0712CF5}
		{1AFE68B0-3D50-496A-87C6-93B1FEA4B306} = {676C5632-B82A-4CF9-B307-22B9ACFE0AB0}
		{9F288D68-9585-4DBB-8D50-16258E218DC3} = {2BA55B45-3067-45C7-83FB-6E7EA4BCA8FA}
		{8E3C0E1D-1BBC-489E-B652-1B618AB2A97A} = {CA396656-CED1-4622-9331-971E73EF90E2}
		{AABAF9CB-4165-4C4C-9AEE-D0876BDAB819} = {014DB313-7335-4BDF-B7E4-8B651243FD0A}
		{AD71C65F-49B6-4DED-A18A-5E6FD33B4A0B} = {014DB313-7335-4BDF-B7E4-8B651243FD0A}
		{46172666-DBF7-4E21-98E6-0F53B904E170} = {014DB313-7335-4BDF-B7E4-8B651243FD0A}
		{E92752C0-BAD0-49A0-A43E-CFF2E2ED1C52} = {0ADA654D-A2C5-4728-B8B6-6E4FBDECBE30}
		{8572422A-8ABF-40C5-B7E8-2E1049C5CA79} = {09E03895-9142-4898-B2D7-F0EE39584F10}
		{5E2AB602-EA3E-4375-A6D1-AB9DCEA51A6E} = {09E03895-9142-4898-B2D7-F0EE39584F10}
		{017A5B59-A21A-4258-9FC1-3BB0A7ED848F} = {09E03895-9142-4898-B2D7-F0EE39584F10}
		{587095CC-E18B-4B75-836A-5900F37EB8EF} = {09E03895-9142-4898-B2D7-F0EE39584F10}
		{0600E5D8-998B-4A62-BA51-544DBF3DC0FB} = {09E03895-9142-4898-B2D7-F0EE39584F10}
		{C9DBCEB0-21EB-48AC-A6E2-A9104B9B7A85} = {09E03895-9142-4898-B2D7-F0EE39584F10}
		{658C7AB4-A106-487E-81B9-FDE661074FA1} = {09E03895-9142-4898-B2D7-F0EE39584F10}
		{5F2B1C0B-25F9-4EF5-AC2F-174E5BA7E014} = {D3F292A3-D993-4A2B-92FA-A402CD48881C}
	EndGlobalSection
EndGlobal
